
Microsoft Visual Studio Solution File, Format Version 12.00
# Visual Studio Version 17
VisualStudioVersion = 17.2.32519.379
MinimumVisualStudioVersion = 10.0.40219.1
Project("{FAE04EC0-301F-11D3-BF4B-00C04F79EFBC}") = "UD15_Actividad_01", "UD15_Actividad_01\UD15_Actividad_01.csproj", "{B4A3AEA3-B723-419E-9AB2-BF52020F37D9}"
EndProject
Global
	GlobalSection(SolutionConfigurationPlatforms) = preSolution
		Debug|Any CPU = Debug|Any CPU
		Release|Any CPU = Release|Any CPU
	EndGlobalSection
	GlobalSection(ProjectConfigurationPlatforms) = postSolution
		{B4A3AEA3-B723-419E-9AB2-BF52020F37D9}.Debug|Any CPU.ActiveCfg = Debug|Any CPU
		{B4A3AEA3-B723-419E-9AB2-BF52020F37D9}.Debug|Any CPU.Build.0 = Debug|Any CPU
		{B4A3AEA3-B723-419E-9AB2-BF52020F37D9}.Release|Any CPU.ActiveCfg = Release|Any CPU
		{B4A3AEA3-B723-419E-9AB2-BF52020F37D9}.Release|Any CPU.Build.0 = Release|Any CPU
	EndGlobalSection
	GlobalSection(SolutionProperties) = preSolution
		HideSolutionNode = FALSE
	EndGlobalSection
	GlobalSection(ExtensibilityGlobals) = postSolution
		SolutionGuid = {7C4B158F-D5C5-4C9F-BEBA-B248B7A5DAB2}
	EndGlobalSection
EndGlobal
